
Microsoft Visual Studio Solution File, Format Version 12.00
# Visual Studio 15
VisualStudioVersion = 15.0.27703.2042
MinimumVisualStudioVersion = 10.0.40219.1
Project("{FAE04EC0-301F-11D3-BF4B-00C04F79EFBC}") = "Parametre_sys_Helper", "Parametre_sys_Helper\Parametre_sys_Helper.csproj", "{50FE5862-A94B-4E83-A7DA-FB144F30D6C0}"
EndProject
Global
	GlobalSection(SolutionConfigurationPlatforms) = preSolution
		Debug|Any CPU = Debug|Any CPU
		Release|Any CPU = Release|Any CPU
	EndGlobalSection
	GlobalSection(ProjectConfigurationPlatforms) = postSolution
		{50FE5862-A94B-4E83-A7DA-FB144F30D6C0}.Debug|Any CPU.ActiveCfg = Debug|Any CPU
		{50FE5862-A94B-4E83-A7DA-FB144F30D6C0}.Debug|Any CPU.Build.0 = Debug|Any CPU
		{50FE5862-A94B-4E83-A7DA-FB144F30D6C0}.Release|Any CPU.ActiveCfg = Release|Any CPU
		{50FE5862-A94B-4E83-A7DA-FB144F30D6C0}.Release|Any CPU.Build.0 = Release|Any CPU
	EndGlobalSection
	GlobalSection(SolutionProperties) = preSolution
		HideSolutionNode = FALSE
	EndGlobalSection
	GlobalSection(ExtensibilityGlobals) = postSolution
		SolutionGuid = {137DE135-9631-4A19-862A-C51EE823BE68}
	EndGlobalSection
EndGlobal
